
Microsoft Visual Studio Solution File, Format Version 12.00
# Visual Studio Version 16
VisualStudioVersion = 16.0.31702.278
MinimumVisualStudioVersion = 10.0.40219.1
Project("{FAE04EC0-301F-11D3-BF4B-00C04F79EFBC}") = "Gold Market", "Gold Market\Gold Market.csproj", "{14D4A1A4-4813-4CC9-8A42-F431DDF82C90}"
EndProject
Global
	GlobalSection(SolutionConfigurationPlatforms) = preSolution
		Debug|Any CPU = Debug|Any CPU
		Release|Any CPU = Release|Any CPU
	EndGlobalSection
	GlobalSection(ProjectConfigurationPlatforms) = postSolution
		{14D4A1A4-4813-4CC9-8A42-F431DDF82C90}.Debug|Any CPU.ActiveCfg = Debug|Any CPU
		{14D4A1A4-4813-4CC9-8A42-F431DDF82C90}.Debug|Any CPU.Build.0 = Debug|Any CPU
		{14D4A1A4-4813-4CC9-8A42-F431DDF82C90}.Release|Any CPU.ActiveCfg = Release|Any CPU
		{14D4A1A4-4813-4CC9-8A42-F431DDF82C90}.Release|Any CPU.Build.0 = Release|Any CPU
	EndGlobalSection
	GlobalSection(SolutionProperties) = preSolution
		HideSolutionNode = FALSE
	EndGlobalSection
	GlobalSection(ExtensibilityGlobals) = postSolution
		SolutionGuid = {8D669A6D-A974-4479-822F-4512BDD6FB86}
	EndGlobalSection
EndGlobal
